<?xml version="1.0" encoding="utf-8"?>
<Project ToolsVersion="4.0" xmlns="http://schemas.microsoft.com/developer/msbuild/2003">
  <ItemGroup>
    <Filter Include="Resource Files">
      <UniqueIdentifier>{D9D6E242-F8AF-46E4-B9FD-80ECBC20BA3E}</UniqueIdentifier>
      <Extensions>qrc;*</Extensions>
      <ParseFiles>false</ParseFiles>
    </Filter>
    <Filter Include="Generated Files">
      <UniqueIdentifier>{71ED8ED8-ACB9-4CE9-BBE1-E00B30144E11}</UniqueIdentifier>
      <Extensions>moc;h;cpp</Extensions>
      <SourceControlFiles>False</SourceControlFiles>
    </Filter>
    <Filter Include="Generated Files\Debug">
      <UniqueIdentifier>{693d1f3d-8fe3-408b-ace6-dcaf6d87ebc6}</UniqueIdentifier>
      <Extensions>cpp;moc</Extensions>
      <SourceControlFiles>False</SourceControlFiles>
    </Filter>
    <Filter Include="Generated Files\Release">
      <UniqueIdentifier>{31c5f19f-3ad6-4dc0-887c-60b093f3f504}</UniqueIdentifier>
      <Extensions>cpp;moc</Extensions>
      <SourceControlFiles>False</SourceControlFiles>
    </Filter>
    <Filter Include="GeneralCode">
      <UniqueIdentifier>{28c803a0-a61a-41e5-842d-b218e447ea92}</UniqueIdentifier>
    </Filter>
    <Filter Include="DB">
      <UniqueIdentifier>{00f75774-4a9a-4319-91aa-96218fd013e5}</UniqueIdentifier>
    </Filter>
    <Filter Include="Source Files">
      <UniqueIdentifier>{4FC737F1-C7A5-4376-A066-2A32D752A2FF}</UniqueIdentifier>
      <Extensions>cpp;cxx;c;def</Extensions>
      <ParseFiles>true</ParseFiles>
    </Filter>
    <Filter Include="Header Files">
      <UniqueIdentifier>{93995380-89BD-4b04-88EB-625FBE52EBFB}</UniqueIdentifier>
      <Extensions>h</Extensions>
      <ParseFiles>true</ParseFiles>
    </Filter>
  </ItemGroup>
  <ItemGroup>
    <ClCompile Include="DB\DBModule.cpp">
      <Filter>DB</Filter>
    </ClCompile>
    <ClCompile Include="DB\MSSQLConnectionHelper.cpp">
      <Filter>Generated Files</Filter>
    </ClCompile>
    <ClCompile Include="network\NetServerControl.cpp">
      <Filter>Source Files</Filter>
    </ClCompile>
    <ClCompile Include="GeneratedFiles\Debug\moc_NetServerControl.cpp">
      <Filter>Generated Files\Debug</Filter>
    </ClCompile>
    <ClCompile Include="GeneratedFiles\Release\moc_NetServerControl.cpp">
      <Filter>Generated Files\Release</Filter>
    </ClCompile>
    <ClCompile Include="code\main.cpp">
      <Filter>GeneralCode</Filter>
    </ClCompile>
    <ClCompile Include="code\SettingHelper.cpp">
      <Filter>GeneralCode</Filter>
    </ClCompile>
    <ClCompile Include="code\stdafx.cpp">
      <Filter>GeneralCode</Filter>
    </ClCompile>
    <ClCompile Include="GeneratedFiles\Debug\moc_Pakcet.cpp">
      <Filter>Generated Files\Debug</Filter>
    </ClCompile>
    <ClCompile Include="GeneratedFiles\Release\moc_Pakcet.cpp">
      <Filter>Generated Files\Release</Filter>
    </ClCompile>
    <ClCompile Include="code\AbstractParseJson.cpp">
      <Filter>Generated Files</Filter>
    </ClCompile>
    <ClCompile Include="GeneratedFiles\Debug\moc_AbstractParseJson.cpp">
      <Filter>Generated Files\Debug</Filter>
    </ClCompile>
    <ClCompile Include="GeneratedFiles\Release\moc_AbstractParseJson.cpp">
      <Filter>Generated Files\Release</Filter>
    </ClCompile>
    <ClCompile Include="code\Pakcet.cpp">
      <Filter>Generated Files</Filter>
    </ClCompile>
    <ClCompile Include="code\SettingInfo.cpp">
      <Filter>Source Files</Filter>
    </ClCompile>
    <ClCompile Include="GeneratedFiles\Debug\moc_SettingInfo.cpp">
      <Filter>Generated Files\Debug</Filter>
    </ClCompile>
    <ClCompile Include="GeneratedFiles\Release\moc_SettingInfo.cpp">
      <Filter>Generated Files\Release</Filter>
    </ClCompile>
    <ClCompile Include="GeneratedFiles\Debug\moc_TestPacket.cpp">
      <Filter>Generated Files\Debug</Filter>
    </ClCompile>
    <ClCompile Include="GeneratedFiles\Release\moc_TestPacket.cpp">
      <Filter>Generated Files\Release</Filter>
    </ClCompile>
    <ClCompile Include="network\NetLogicMainProcess.cpp">
      <Filter>Source Files</Filter>
    </ClCompile>
    <ClCompile Include="GeneratedFiles\Debug\moc_NetLogicMainProcess.cpp">
      <Filter>Generated Files\Debug</Filter>
    </ClCompile>
    <ClCompile Include="GeneratedFiles\Release\moc_NetLogicMainProcess.cpp">
      <Filter>Generated Files\Release</Filter>
    </ClCompile>
    <ClCompile Include="network\InstantiationPacketHelper.cpp">
      <Filter>Source Files</Filter>
    </ClCompile>
  </ItemGroup>
  <ItemGroup>
    <ClInclude Include="DB\DBModule.h">
      <Filter>DB</Filter>
    </ClInclude>
    <ClInclude Include="code\defs.h">
      <Filter>Header Files</Filter>
    </ClInclude>
    <ClInclude Include="code\NetCommunicationProtocol.h">
      <Filter>Generated Files</Filter>
    </ClInclude>
    <ClInclude Include="code\SettingHelper.h">
      <Filter>GeneralCode</Filter>
    </ClInclude>
    <ClInclude Include="code\stdafx.h">
      <Filter>GeneralCode</Filter>
    </ClInclude>
    <ClInclude Include="network\InstantiationPacketHelper.h">
      <Filter>Header Files</Filter>
    </ClInclude>
  </ItemGroup>
  <ItemGroup>
    <CustomBuild Include="DB\MSSQLConnectionHelper.h">
      <Filter>Generated Files</Filter>
    </CustomBuild>
    <CustomBuild Include="network\NetServerControl.h">
      <Filter>Header Files</Filter>
    </CustomBuild>
    <CustomBuild Include="code\Pakcet.h">
      <Filter>Generated Files</Filter>
    </CustomBuild>
    <CustomBuild Include="code\AbstractParseJson.h">
      <Filter>Generated Files</Filter>
    </CustomBuild>
    <CustomBuild Include="code\SettingInfo.h">
      <Filter>Header Files</Filter>
    </CustomBuild>
    <CustomBuild Include="test\TestPacket.hpp">
      <Filter>Header Files</Filter>
    </CustomBuild>
    <CustomBuild Include="network\NetLogicMainProcess.h">
      <Filter>Header Files</Filter>
    </CustomBuild>
  </ItemGroup>
</Project>